
Microsoft Visual Studio Solution File, Format Version 12.00
# Visual Studio 15
Project("{FAE04EC0-301F-11D3-BF4B-00C04F79EFBC}") = "Assembly-CSharp", "Assembly-CSharp.csproj", "{339963E8-314C-22CD-3F86-241581889D3F}"
EndProject
Project("{FAE04EC0-301F-11D3-BF4B-00C04F79EFBC}") = "CFXRRuntime", "CFXRRuntime.csproj", "{EBDA39E0-F140-BCDC-BFFB-DAEBC33F0807}"
EndProject
Project("{FAE04EC0-301F-11D3-BF4B-00C04F79EFBC}") = "CFXRDemo", "CFXRDemo.csproj", "{AB79031C-7E27-BBFE-C678-0622BE29D7E3}"
EndProject
Project("{FAE04EC0-301F-11D3-BF4B-00C04F79EFBC}") = "KinoBloom.Runtime", "KinoBloom.Runtime.csproj", "{60CEF9F3-54CC-E397-7AE6-28DC38264DF6}"
EndProject
Project("{FAE04EC0-301F-11D3-BF4B-00C04F79EFBC}") = "Assembly-CSharp-firstpass", "Assembly-CSharp-firstpass.csproj", "{DBB9B6A7-058E-A787-9E3C-B548BA711EA5}"
EndProject
Project("{FAE04EC0-301F-11D3-BF4B-00C04F79EFBC}") = "CFXR.WelcomeScreen", "CFXR.WelcomeScreen.csproj", "{36CA8C21-1F3E-B023-5201-90A9F50A8F4E}"
EndProject
Project("{FAE04EC0-301F-11D3-BF4B-00C04F79EFBC}") = "CFXREditor", "CFXREditor.csproj", "{F312921D-7298-7275-91DA-9EDA1969FE8E}"
EndProject
Project("{FAE04EC0-301F-11D3-BF4B-00C04F79EFBC}") = "ToonyColorsPro.Demo.Editor", "ToonyColorsPro.Demo.Editor.csproj", "{392B8FF8-9738-4DEF-FF32-C372B91DA31C}"
EndProject
Global
	GlobalSection(SolutionConfigurationPlatforms) = preSolution
		Debug|Any CPU = Debug|Any CPU
		Release|Any CPU = Release|Any CPU
	EndGlobalSection
	GlobalSection(ProjectConfigurationPlatforms) = postSolution
		{339963E8-314C-22CD-3F86-241581889D3F}.Debug|Any CPU.ActiveCfg = Debug|Any CPU
		{339963E8-314C-22CD-3F86-241581889D3F}.Debug|Any CPU.Build.0 = Debug|Any CPU
		{339963E8-314C-22CD-3F86-241581889D3F}.Release|Any CPU.ActiveCfg = Release|Any CPU
		{339963E8-314C-22CD-3F86-241581889D3F}.Release|Any CPU.Build.0 = Release|Any CPU
		{EBDA39E0-F140-BCDC-BFFB-DAEBC33F0807}.Debug|Any CPU.ActiveCfg = Debug|Any CPU
		{EBDA39E0-F140-BCDC-BFFB-DAEBC33F0807}.Debug|Any CPU.Build.0 = Debug|Any CPU
		{EBDA39E0-F140-BCDC-BFFB-DAEBC33F0807}.Release|Any CPU.ActiveCfg = Release|Any CPU
		{EBDA39E0-F140-BCDC-BFFB-DAEBC33F0807}.Release|Any CPU.Build.0 = Release|Any CPU
		{AB79031C-7E27-BBFE-C678-0622BE29D7E3}.Debug|Any CPU.ActiveCfg = Debug|Any CPU
		{AB79031C-7E27-BBFE-C678-0622BE29D7E3}.Debug|Any CPU.Build.0 = Debug|Any CPU
		{AB79031C-7E27-BBFE-C678-0622BE29D7E3}.Release|Any CPU.ActiveCfg = Release|Any CPU
		{AB79031C-7E27-BBFE-C678-0622BE29D7E3}.Release|Any CPU.Build.0 = Release|Any CPU
		{60CEF9F3-54CC-E397-7AE6-28DC38264DF6}.Debug|Any CPU.ActiveCfg = Debug|Any CPU
		{60CEF9F3-54CC-E397-7AE6-28DC38264DF6}.Debug|Any CPU.Build.0 = Debug|Any CPU
		{60CEF9F3-54CC-E397-7AE6-28DC38264DF6}.Release|Any CPU.ActiveCfg = Release|Any CPU
		{60CEF9F3-54CC-E397-7AE6-28DC38264DF6}.Release|Any CPU.Build.0 = Release|Any CPU
		{DBB9B6A7-058E-A787-9E3C-B548BA711EA5}.Debug|Any CPU.ActiveCfg = Debug|Any CPU
		{DBB9B6A7-058E-A787-9E3C-B548BA711EA5}.Debug|Any CPU.Build.0 = Debug|Any CPU
		{DBB9B6A7-058E-A787-9E3C-B548BA711EA5}.Release|Any CPU.ActiveCfg = Release|Any CPU
		{DBB9B6A7-058E-A787-9E3C-B548BA711EA5}.Release|Any CPU.Build.0 = Release|Any CPU
		{36CA8C21-1F3E-B023-5201-90A9F50A8F4E}.Debug|Any CPU.ActiveCfg = Debug|Any CPU
		{36CA8C21-1F3E-B023-5201-90A9F50A8F4E}.Debug|Any CPU.Build.0 = Debug|Any CPU
		{36CA8C21-1F3E-B023-5201-90A9F50A8F4E}.Release|Any CPU.ActiveCfg = Release|Any CPU
		{36CA8C21-1F3E-B023-5201-90A9F50A8F4E}.Release|Any CPU.Build.0 = Release|Any CPU
		{F312921D-7298-7275-91DA-9EDA1969FE8E}.Debug|Any CPU.ActiveCfg = Debug|Any CPU
		{F312921D-7298-7275-91DA-9EDA1969FE8E}.Debug|Any CPU.Build.0 = Debug|Any CPU
		{F312921D-7298-7275-91DA-9EDA1969FE8E}.Release|Any CPU.ActiveCfg = Release|Any CPU
		{F312921D-7298-7275-91DA-9EDA1969FE8E}.Release|Any CPU.Build.0 = Release|Any CPU
		{392B8FF8-9738-4DEF-FF32-C372B91DA31C}.Debug|Any CPU.ActiveCfg = Debug|Any CPU
		{392B8FF8-9738-4DEF-FF32-C372B91DA31C}.Debug|Any CPU.Build.0 = Debug|Any CPU
		{392B8FF8-9738-4DEF-FF32-C372B91DA31C}.Release|Any CPU.ActiveCfg = Release|Any CPU
		{392B8FF8-9738-4DEF-FF32-C372B91DA31C}.Release|Any CPU.Build.0 = Release|Any CPU
	EndGlobalSection
	GlobalSection(SolutionProperties) = preSolution
		HideSolutionNode = FALSE
	EndGlobalSection
EndGlobal
