
Microsoft Visual Studio Solution File, Format Version 12.00
# Visual Studio 15
Project("{FAE04EC0-301F-11D3-BF4B-00C04F79EFBC}") = "Assembly-CSharp", "Assembly-CSharp.csproj", "{11971D56-8E8C-E6EC-9EC3-D5DC08D7EFC8}"
EndProject
Project("{FAE04EC0-301F-11D3-BF4B-00C04F79EFBC}") = "Unity.PlayerPrefsEditor.Samples.SampleScene", "Unity.PlayerPrefsEditor.Samples.SampleScene.csproj", "{D679F466-3B43-0E43-ECE2-D5418CBA83B8}"
EndProject
Project("{FAE04EC0-301F-11D3-BF4B-00C04F79EFBC}") = "Unity.PlayerPrefsEditor.Editor", "Unity.PlayerPrefsEditor.Editor.csproj", "{AED389E0-6999-0CCF-F32A-5BB3A7ABA0B2}"
EndProject
Project("{FAE04EC0-301F-11D3-BF4B-00C04F79EFBC}") = "Unity.PlayerPrefsEditor.EditorResources", "Unity.PlayerPrefsEditor.EditorResources.csproj", "{0D3D9EF7-C0AC-EA86-96C8-9EE91D396734}"
EndProject
Global
	GlobalSection(SolutionConfigurationPlatforms) = preSolution
		Debug|Any CPU = Debug|Any CPU
		Release|Any CPU = Release|Any CPU
	EndGlobalSection
	GlobalSection(ProjectConfigurationPlatforms) = postSolution
		{11971D56-8E8C-E6EC-9EC3-D5DC08D7EFC8}.Debug|Any CPU.ActiveCfg = Debug|Any CPU
		{11971D56-8E8C-E6EC-9EC3-D5DC08D7EFC8}.Debug|Any CPU.Build.0 = Debug|Any CPU
		{11971D56-8E8C-E6EC-9EC3-D5DC08D7EFC8}.Release|Any CPU.ActiveCfg = Release|Any CPU
		{11971D56-8E8C-E6EC-9EC3-D5DC08D7EFC8}.Release|Any CPU.Build.0 = Release|Any CPU
		{D679F466-3B43-0E43-ECE2-D5418CBA83B8}.Debug|Any CPU.ActiveCfg = Debug|Any CPU
		{D679F466-3B43-0E43-ECE2-D5418CBA83B8}.Debug|Any CPU.Build.0 = Debug|Any CPU
		{D679F466-3B43-0E43-ECE2-D5418CBA83B8}.Release|Any CPU.ActiveCfg = Release|Any CPU
		{D679F466-3B43-0E43-ECE2-D5418CBA83B8}.Release|Any CPU.Build.0 = Release|Any CPU
		{AED389E0-6999-0CCF-F32A-5BB3A7ABA0B2}.Debug|Any CPU.ActiveCfg = Debug|Any CPU
		{AED389E0-6999-0CCF-F32A-5BB3A7ABA0B2}.Debug|Any CPU.Build.0 = Debug|Any CPU
		{AED389E0-6999-0CCF-F32A-5BB3A7ABA0B2}.Release|Any CPU.ActiveCfg = Release|Any CPU
		{AED389E0-6999-0CCF-F32A-5BB3A7ABA0B2}.Release|Any CPU.Build.0 = Release|Any CPU
		{0D3D9EF7-C0AC-EA86-96C8-9EE91D396734}.Debug|Any CPU.ActiveCfg = Debug|Any CPU
		{0D3D9EF7-C0AC-EA86-96C8-9EE91D396734}.Debug|Any CPU.Build.0 = Debug|Any CPU
		{0D3D9EF7-C0AC-EA86-96C8-9EE91D396734}.Release|Any CPU.ActiveCfg = Release|Any CPU
		{0D3D9EF7-C0AC-EA86-96C8-9EE91D396734}.Release|Any CPU.Build.0 = Release|Any CPU
	EndGlobalSection
	GlobalSection(SolutionProperties) = preSolution
		HideSolutionNode = FALSE
	EndGlobalSection
EndGlobal
